// !$*UTF8*$!
{
	archiveVersion = 1;
	classes = {
	};
	objectVersion = 50;
	objects = {

/* Begin PBXBuildFile section */
		5F79C8E221424F7D00CBD51E /* AppDelegate.swift in Sources */ = {isa = PBXBuildFile; fileRef = 5F79C8E121424F7D00CBD51E /* AppDelegate.swift */; };
		5F79C8E421424F7D00CBD51E /* Document.swift in Sources */ = {isa = PBXBuildFile; fileRef = 5F79C8E321424F7D00CBD51E /* Document.swift */; };
		5F79C8E721424F7D00CBD51E /* Document.xib in Resources */ = {isa = PBXBuildFile; fileRef = 5F79C8E521424F7D00CBD51E /* Document.xib */; };
		5F79C8E921424F7E00CBD51E /* Assets.xcassets in Resources */ = {isa = PBXBuildFile; fileRef = 5F79C8E821424F7E00CBD51E /* Assets.xcassets */; };
		5F79C8EC21424F7E00CBD51E /* MainMenu.xib in Resources */ = {isa = PBXBuildFile; fileRef = 5F79C8EA21424F7E00CBD51E /* MainMenu.xib */; };
		5F79C8F821424F7F00CBD51E /* NotesTestTests.swift in Sources */ = {isa = PBXBuildFile; fileRef = 5F79C8F721424F7F00CBD51E /* NotesTestTests.swift */; };
		5F79C90321424F7F00CBD51E /* NotesTestUITests.swift in Sources */ = {isa = PBXBuildFile; fileRef = 5F79C90221424F7F00CBD51E /* NotesTestUITests.swift */; };
		5F7B235E2143D89E00E4A6F6 /* DocumentComment.swift in Sources */ = {isa = PBXBuildFile; fileRef = 5F7B235D2143D89E00E4A6F6 /* DocumentComment.swift */; };
/* End PBXBuildFile section */

/* Begin PBXContainerItemProxy section */
		5F79C8F421424F7F00CBD51E /* PBXContainerItemProxy */ = {
			isa = PBXContainerItemProxy;
			containerPortal = 5F79C8D621424F7D00CBD51E /* Project object */;
			proxyType = 1;
			remoteGlobalIDString = 5F79C8DD21424F7D00CBD51E;
			remoteInfo = NotesTest;
		};
		5F79C8FF21424F7F00CBD51E /* PBXContainerItemProxy */ = {
			isa = PBXContainerItemProxy;
			containerPortal = 5F79C8D621424F7D00CBD51E /* Project object */;
			proxyType = 1;
			remoteGlobalIDString = 5F79C8DD21424F7D00CBD51E;
			remoteInfo = NotesTest;
		};
/* End PBXContainerItemProxy section */

/* Begin PBXFileReference section */
		5F79C8DE21424F7D00CBD51E /* NotesTest.app */ = {isa = PBXFileReference; explicitFileType = wrapper.application; includeInIndex = 0; path = NotesTest.app; sourceTree = BUILT_PRODUCTS_DIR; };
		5F79C8E121424F7D00CBD51E /* AppDelegate.swift */ = {isa = PBXFileReference; lastKnownFileType = sourcecode.swift; path = AppDelegate.swift; sourceTree = "<group>"; };
		5F79C8E321424F7D00CBD51E /* Document.swift */ = {isa = PBXFileReference; lastKnownFileType = sourcecode.swift; path = Document.swift; sourceTree = "<group>"; };
		5F79C8E621424F7D00CBD51E /* Base */ = {isa = PBXFileReference; lastKnownFileType = file.xib; name = Base; path = Base.lproj/Document.xib; sourceTree = "<group>"; };
		5F79C8E821424F7E00CBD51E /* Assets.xcassets */ = {isa = PBXFileReference; lastKnownFileType = folder.assetcatalog; path = Assets.xcassets; sourceTree = "<group>"; };
		5F79C8EB21424F7E00CBD51E /* Base */ = {isa = PBXFileReference; lastKnownFileType = file.xib; name = Base; path = Base.lproj/MainMenu.xib; sourceTree = "<group>"; };
		5F79C8ED21424F7E00CBD51E /* Info.plist */ = {isa = PBXFileReference; lastKnownFileType = text.plist.xml; path = Info.plist; sourceTree = "<group>"; };
		5F79C8EE21424F7E00CBD51E /* NotesTest.entitlements */ = {isa = PBXFileReference; lastKnownFileType = text.plist.entitlements; path = NotesTest.entitlements; sourceTree = "<group>"; };
		5F79C8F321424F7F00CBD51E /* NotesTestTests.xctest */ = {isa = PBXFileReference; explicitFileType = wrapper.cfbundle; includeInIndex = 0; path = NotesTestTests.xctest; sourceTree = BUILT_PRODUCTS_DIR; };
		5F79C8F721424F7F00CBD51E /* NotesTestTests.swift */ = {isa = PBXFileReference; lastKnownFileType = sourcecode.swift; path = NotesTestTests.swift; sourceTree = "<group>"; };
		5F79C8F921424F7F00CBD51E /* Info.plist */ = {isa = PBXFileReference; lastKnownFileType = text.plist.xml; path = Info.plist; sourceTree = "<group>"; };
		5F79C8FE21424F7F00CBD51E /* NotesTestUITests.xctest */ = {isa = PBXFileReference; explicitFileType = wrapper.cfbundle; includeInIndex = 0; path = NotesTestUITests.xctest; sourceTree = BUILT_PRODUCTS_DIR; };
		5F79C90221424F7F00CBD51E /* NotesTestUITests.swift */ = {isa = PBXFileReference; lastKnownFileType = sourcecode.swift; path = NotesTestUITests.swift; sourceTree = "<group>"; };
		5F79C90421424F7F00CBD51E /* Info.plist */ = {isa = PBXFileReference; lastKnownFileType = text.plist.xml; path = Info.plist; sourceTree = "<group>"; };
		5F7B235D2143D89E00E4A6F6 /* DocumentComment.swift */ = {isa = PBXFileReference; lastKnownFileType = sourcecode.swift; path = DocumentComment.swift; sourceTree = "<group>"; };
/* End PBXFileReference section */

/* Begin PBXFrameworksBuildPhase section */
		5F79C8DB21424F7D00CBD51E /* Frameworks */ = {
			isa = PBXFrameworksBuildPhase;
			buildActionMask = 2147483647;
			files = (
			);
			runOnlyForDeploymentPostprocessing = 0;
		};
		5F79C8F021424F7F00CBD51E /* Frameworks */ = {
			isa = PBXFrameworksBuildPhase;
			buildActionMask = 2147483647;
			files = (
			);
			runOnlyForDeploymentPostprocessing = 0;
		};
		5F79C8FB21424F7F00CBD51E /* Frameworks */ = {
			isa = PBXFrameworksBuildPhase;
			buildActionMask = 2147483647;
			files = (
			);
			runOnlyForDeploymentPostprocessing = 0;
		};
/* End PBXFrameworksBuildPhase section */

/* Begin PBXGroup section */
		5F79C8D521424F7D00CBD51E = {
			isa = PBXGroup;
			children = (
				5F79C8E021424F7D00CBD51E /* NotesTest */,
				5F79C8F621424F7F00CBD51E /* NotesTestTests */,
				5F79C90121424F7F00CBD51E /* NotesTestUITests */,
				5F79C8DF21424F7D00CBD51E /* Products */,
			);
			sourceTree = "<group>";
		};
		5F79C8DF21424F7D00CBD51E /* Products */ = {
			isa = PBXGroup;
			children = (
				5F79C8DE21424F7D00CBD51E /* NotesTest.app */,
				5F79C8F321424F7F00CBD51E /* NotesTestTests.xctest */,
				5F79C8FE21424F7F00CBD51E /* NotesTestUITests.xctest */,
			);
			name = Products;
			sourceTree = "<group>";
		};
		5F79C8E021424F7D00CBD51E /* NotesTest */ = {
			isa = PBXGroup;
			children = (
				5F79C8E121424F7D00CBD51E /* AppDelegate.swift */,
				5F79C8E321424F7D00CBD51E /* Document.swift */,
				5F7B235D2143D89E00E4A6F6 /* DocumentComment.swift */,
				5F79C8E521424F7D00CBD51E /* Document.xib */,
				5F79C8E821424F7E00CBD51E /* Assets.xcassets */,
				5F79C8EA21424F7E00CBD51E /* MainMenu.xib */,
				5F79C8ED21424F7E00CBD51E /* Info.plist */,
				5F79C8EE21424F7E00CBD51E /* NotesTest.entitlements */,
			);
			path = NotesTest;
			sourceTree = "<group>";
		};
		5F79C8F621424F7F00CBD51E /* NotesTestTests */ = {
			isa = PBXGroup;
			children = (
				5F79C8F721424F7F00CBD51E /* NotesTestTests.swift */,
				5F79C8F921424F7F00CBD51E /* Info.plist */,
			);
			path = NotesTestTests;
			sourceTree = "<group>";
		};
		5F79C90121424F7F00CBD51E /* NotesTestUITests */ = {
			isa = PBXGroup;
			children = (
				5F79C90221424F7F00CBD51E /* NotesTestUITests.swift */,
				5F79C90421424F7F00CBD51E /* Info.plist */,
			);
			path = NotesTestUITests;
			sourceTree = "<group>";
		};
/* End PBXGroup section */

/* Begin PBXNativeTarget section */
		5F79C8DD21424F7D00CBD51E /* NotesTest */ = {
			isa = PBXNativeTarget;
			buildConfigurationList = 5F79C90721424F7F00CBD51E /* Build configuration list for PBXNativeTarget "NotesTest" */;
			buildPhases = (
				5F79C8DA21424F7D00CBD51E /* Sources */,
				5F79C8DB21424F7D00CBD51E /* Frameworks */,
				5F79C8DC21424F7D00CBD51E /* Resources */,
			);
			buildRules = (
			);
			dependencies = (
			);
			name = NotesTest;
			productName = NotesTest;
			productReference = 5F79C8DE21424F7D00CBD51E /* NotesTest.app */;
			productType = "com.apple.product-type.application";
		};
		5F79C8F221424F7F00CBD51E /* NotesTestTests */ = {
			isa = PBXNativeTarget;
			buildConfigurationList = 5F79C90A21424F7F00CBD51E /* Build configuration list for PBXNativeTarget "NotesTestTests" */;
			buildPhases = (
				5F79C8EF21424F7F00CBD51E /* Sources */,
				5F79C8F021424F7F00CBD51E /* Frameworks */,
				5F79C8F121424F7F00CBD51E /* Resources */,
			);
			buildRules = (
			);
			dependencies = (
				5F79C8F521424F7F00CBD51E /* PBXTargetDependency */,
			);
			name = NotesTestTests;
			productName = NotesTestTests;
			productReference = 5F79C8F321424F7F00CBD51E /* NotesTestTests.xctest */;
			productType = "com.apple.product-type.bundle.unit-test";
		};
		5F79C8FD21424F7F00CBD51E /* NotesTestUITests */ = {
			isa = PBXNativeTarget;
			buildConfigurationList = 5F79C90D21424F7F00CBD51E /* Build configuration list for PBXNativeTarget "NotesTestUITests" */;
			buildPhases = (
				5F79C8FA21424F7F00CBD51E /* Sources */,
				5F79C8FB21424F7F00CBD51E /* Frameworks */,
				5F79C8FC21424F7F00CBD51E /* Resources */,
			);
			buildRules = (
			);
			dependencies = (
				5F79C90021424F7F00CBD51E /* PBXTargetDependency */,
			);
			name = NotesTestUITests;
			productName = NotesTestUITests;
			productReference = 5F79C8FE21424F7F00CBD51E /* NotesTestUITests.xctest */;
			productType = "com.apple.product-type.bundle.ui-testing";
		};
/* End PBXNativeTarget section */

/* Begin PBXProject section */
		5F79C8D621424F7D00CBD51E /* Project object */ = {
			isa = PBXProject;
			attributes = {
				LastSwiftUpdateCheck = 0940;
				LastUpgradeCheck = 0940;
				ORGANIZATIONNAME = chengfeir;
				TargetAttributes = {
					5F79C8DD21424F7D00CBD51E = {
						CreatedOnToolsVersion = 9.4.1;
					};
					5F79C8F221424F7F00CBD51E = {
						CreatedOnToolsVersion = 9.4.1;
						TestTargetID = 5F79C8DD21424F7D00CBD51E;
					};
					5F79C8FD21424F7F00CBD51E = {
						CreatedOnToolsVersion = 9.4.1;
						TestTargetID = 5F79C8DD21424F7D00CBD51E;
					};
				};
			};
			buildConfigurationList = 5F79C8D921424F7D00CBD51E /* Build configuration list for PBXProject "NotesTest" */;
			compatibilityVersion = "Xcode 9.3";
			developmentRegion = en;
			hasScannedForEncodings = 0;
			knownRegions = (
				en,
				Base,
			);
			mainGroup = 5F79C8D521424F7D00CBD51E;
			productRefGroup = 5F79C8DF21424F7D00CBD51E /* Products */;
			projectDirPath = "";
			projectRoot = "";
			targets = (
				5F79C8DD21424F7D00CBD51E /* NotesTest */,
				5F79C8F221424F7F00CBD51E /* NotesTestTests */,
				5F79C8FD21424F7F00CBD51E /* NotesTestUITests */,
			);
		};
/* End PBXProject section */

/* Begin PBXResourcesBuildPhase section */
		5F79C8DC21424F7D00CBD51E /* Resources */ = {
			isa = PBXResourcesBuildPhase;
			buildActionMask = 2147483647;
			files = (
				5F79C8E921424F7E00CBD51E /* Assets.xcassets in Resources */,
				5F79C8E721424F7D00CBD51E /* Document.xib in Resources */,
				5F79C8EC21424F7E00CBD51E /* MainMenu.xib in Resources */,
			);
			runOnlyForDeploymentPostprocessing = 0;
		};
		5F79C8F121424F7F00CBD51E /* Resources */ = {
			isa = PBXResourcesBuildPhase;
			buildActionMask = 2147483647;
			files = (
			);
			runOnlyForDeploymentPostprocessing = 0;
		};
		5F79C8FC21424F7F00CBD51E /* Resources */ = {
			isa = PBXResourcesBuildPhase;
			buildActionMask = 2147483647;
			files = (
			);
			runOnlyForDeploymentPostprocessing = 0;
		};
/* End PBXResourcesBuildPhase section */

/* Begin PBXSourcesBuildPhase section */
		5F79C8DA21424F7D00CBD51E /* Sources */ = {
			isa = PBXSourcesBuildPhase;
			buildActionMask = 2147483647;
			files = (
				5F79C8E421424F7D00CBD51E /* Document.swift in Sources */,
				5F79C8E221424F7D00CBD51E /* AppDelegate.swift in Sources */,
				5F7B235E2143D89E00E4A6F6 /* DocumentComment.swift in Sources */,
			);
			runOnlyForDeploymentPostprocessing = 0;
		};
		5F79C8EF21424F7F00CBD51E /* Sources */ = {
			isa = PBXSourcesBuildPhase;
			buildActionMask = 2147483647;
			files = (
				5F79C8F821424F7F00CBD51E /* NotesTestTests.swift in Sources */,
			);
			runOnlyForDeploymentPostprocessing = 0;
		};
		5F79C8FA21424F7F00CBD51E /* Sources */ = {
			isa = PBXSourcesBuildPhase;
			buildActionMask = 2147483647;
			files = (
				5F79C90321424F7F00CBD51E /* NotesTestUITests.swift in Sources */,
			);
			runOnlyForDeploymentPostprocessing = 0;
		};
/* End PBXSourcesBuildPhase section */

/* Begin PBXTargetDependency section */
		5F79C8F521424F7F00CBD51E /* PBXTargetDependency */ = {
			isa = PBXTargetDependency;
			target = 5F79C8DD21424F7D00CBD51E /* NotesTest */;
			targetProxy = 5F79C8F421424F7F00CBD51E /* PBXContainerItemProxy */;
		};
		5F79C90021424F7F00CBD51E /* PBXTargetDependency */ = {
			isa = PBXTargetDependency;
			target = 5F79C8DD21424F7D00CBD51E /* NotesTest */;
			targetProxy = 5F79C8FF21424F7F00CBD51E /* PBXContainerItemProxy */;
		};
/* End PBXTargetDependency section */

/* Begin PBXVariantGroup section */
		5F79C8E521424F7D00CBD51E /* Document.xib */ = {
			isa = PBXVariantGroup;
			children = (
				5F79C8E621424F7D00CBD51E /* Base */,
			);
			name = Document.xib;
			sourceTree = "<group>";
		};
		5F79C8EA21424F7E00CBD51E /* MainMenu.xib */ = {
			isa = PBXVariantGroup;
			children = (
				5F79C8EB21424F7E00CBD51E /* Base */,
			);
			name = MainMenu.xib;
			sourceTree = "<group>";
		};
/* End PBXVariantGroup section */

/* Begin XCBuildConfiguration section */
		5F79C90521424F7F00CBD51E /* Debug */ = {
			isa = XCBuildConfiguration;
			buildSettings = {
				ALWAYS_SEARCH_USER_PATHS = NO;
				CLANG_ANALYZER_NONNULL = YES;
				CLANG_ANALYZER_NUMBER_OBJECT_CONVERSION = YES_AGGRESSIVE;
				CLANG_CXX_LANGUAGE_STANDARD = "gnu++14";
				CLANG_CXX_LIBRARY = "libc++";
				CLANG_ENABLE_MODULES = YES;
				CLANG_ENABLE_OBJC_ARC = YES;
				CLANG_ENABLE_OBJC_WEAK = YES;
				CLANG_WARN_BLOCK_CAPTURE_AUTORELEASING = YES;
				CLANG_WARN_BOOL_CONVERSION = YES;
				CLANG_WARN_COMMA = YES;
				CLANG_WARN_CONSTANT_CONVERSION = YES;
				CLANG_WARN_DEPRECATED_OBJC_IMPLEMENTATIONS = YES;
				CLANG_WARN_DIRECT_OBJC_ISA_USAGE = YES_ERROR;
				CLANG_WARN_DOCUMENTATION_COMMENTS = YES;
				CLANG_WARN_EMPTY_BODY = YES;
				CLANG_WARN_ENUM_CONVERSION = YES;
				CLANG_WARN_INFINITE_RECURSION = YES;
				CLANG_WARN_INT_CONVERSION = YES;
				CLANG_WARN_NON_LITERAL_NULL_CONVERSION = YES;
				CLANG_WARN_OBJC_IMPLICIT_RETAIN_SELF = YES;
				CLANG_WARN_OBJC_LITERAL_CONVERSION = YES;
				CLANG_WARN_OBJC_ROOT_CLASS = YES_ERROR;
				CLANG_WARN_RANGE_LOOP_ANALYSIS = YES;
				CLANG_WARN_STRICT_PROTOTYPES = YES;
				CLANG_WARN_SUSPICIOUS_MOVE = YES;
				CLANG_WARN_UNGUARDED_AVAILABILITY = YES_AGGRESSIVE;
				CLANG_WARN_UNREACHABLE_CODE = YES;
				CLANG_WARN__DUPLICATE_METHOD_MATCH = YES;
				CODE_SIGN_IDENTITY = "-";
				COPY_PHASE_STRIP = NO;
				DEBUG_INFORMATION_FORMAT = dwarf;
				ENABLE_STRICT_OBJC_MSGSEND = YES;
				ENABLE_TESTABILITY = YES;
				GCC_C_LANGUAGE_STANDARD = gnu11;
				GCC_DYNAMIC_NO_PIC = NO;
				GCC_NO_COMMON_BLOCKS = YES;
				GCC_OPTIMIZATION_LEVEL = 0;
				GCC_PREPROCESSOR_DEFINITIONS = (
					"DEBUG=1",
					"$(inherited)",
				);
				GCC_WARN_64_TO_32_BIT_CONVERSION = YES;
				GCC_WARN_ABOUT_RETURN_TYPE = YES_ERROR;
				GCC_WARN_UNDECLARED_SELECTOR = YES;
				GCC_WARN_UNINITIALIZED_AUTOS = YES_AGGRESSIVE;
				GCC_WARN_UNUSED_FUNCTION = YES;
				GCC_WARN_UNUSED_VARIABLE = YES;
				MACOSX_DEPLOYMENT_TARGET = 10.14;
				MTL_ENABLE_DEBUG_INFO = YES;
				ONLY_ACTIVE_ARCH = YES;
				SDKROOT = macosx;
				SWIFT_ACTIVE_COMPILATION_CONDITIONS = DEBUG;
				SWIFT_OPTIMIZATION_LEVEL = "-Onone";
			};
			name = Debug;
		};
		5F79C90621424F7F00CBD51E /* Release */ = {
			isa = XCBuildConfiguration;
			buildSettings = {
				ALWAYS_SEARCH_USER_PATHS = NO;
				CLANG_ANALYZER_NONNULL = YES;
				CLANG_ANALYZER_NUMBER_OBJECT_CONVERSION = YES_AGGRESSIVE;
				CLANG_CXX_LANGUAGE_STANDARD = "gnu++14";
				CLANG_CXX_LIBRARY = "libc++";
				CLANG_ENABLE_MODULES = YES;
				CLANG_ENABLE_OBJC_ARC = YES;
				CLANG_ENABLE_OBJC_WEAK = YES;
				CLANG_WARN_BLOCK_CAPTURE_AUTORELEASING = YES;
				CLANG_WARN_BOOL_CONVERSION = YES;
				CLANG_WARN_COMMA = YES;
				CLANG_WARN_CONSTANT_CONVERSION = YES;
				CLANG_WARN_DEPRECATED_OBJC_IMPLEMENTATIONS = YES;
				CLANG_WARN_DIRECT_OBJC_ISA_USAGE = YES_ERROR;
				CLANG_WARN_DOCUMENTATION_COMMENTS = YES;
				CLANG_WARN_EMPTY_BODY = YES;
				CLANG_WARN_ENUM_CONVERSION = YES;
				CLANG_WARN_INFINITE_RECURSION = YES;
				CLANG_WARN_INT_CONVERSION = YES;
				CLANG_WARN_NON_LITERAL_NULL_CONVERSION = YES;
				CLANG_WARN_OBJC_IMPLICIT_RETAIN_SELF = YES;
				CLANG_WARN_OBJC_LITERAL_CONVERSION = YES;
				CLANG_WARN_OBJC_ROOT_CLASS = YES_ERROR;
				CLANG_WARN_RANGE_LOOP_ANALYSIS = YES;
				CLANG_WARN_STRICT_PROTOTYPES = YES;
				CLANG_WARN_SUSPICIOUS_MOVE = YES;
				CLANG_WARN_UNGUARDED_AVAILABILITY = YES_AGGRESSIVE;
				CLANG_WARN_UNREACHABLE_CODE = YES;
				CLANG_WARN__DUPLICATE_METHOD_MATCH = YES;
				CODE_SIGN_IDENTITY = "-";
				COPY_PHASE_STRIP = NO;
				DEBUG_INFORMATION_FORMAT = "dwarf-with-dsym";
				ENABLE_NS_ASSERTIONS = NO;
				ENABLE_STRICT_OBJC_MSGSEND = YES;
				GCC_C_LANGUAGE_STANDARD = gnu11;
				GCC_NO_COMMON_BLOCKS = YES;
				GCC_WARN_64_TO_32_BIT_CONVERSION = YES;
				GCC_WARN_ABOUT_RETURN_TYPE = YES_ERROR;
				GCC_WARN_UNDECLARED_SELECTOR = YES;
				GCC_WARN_UNINITIALIZED_AUTOS = YES_AGGRESSIVE;
				GCC_WARN_UNUSED_FUNCTION = YES;
				GCC_WARN_UNUSED_VARIABLE = YES;
				MACOSX_DEPLOYMENT_TARGET = 10.14;
				MTL_ENABLE_DEBUG_INFO = NO;
				SDKROOT = macosx;
				SWIFT_COMPILATION_MODE = wholemodule;
				SWIFT_OPTIMIZATION_LEVEL = "-O";
			};
			name = Release;
		};
		5F79C90821424F7F00CBD51E /* Debug */ = {
			isa = XCBuildConfiguration;
			buildSettings = {
				ASSETCATALOG_COMPILER_APPICON_NAME = AppIcon;
				CODE_SIGN_ENTITLEMENTS = NotesTest/NotesTest.entitlements;
				CODE_SIGN_IDENTITY = "Mac Developer";
				CODE_SIGN_STYLE = Automatic;
				COMBINE_HIDPI_IMAGES = YES;
				DEVELOPMENT_TEAM = ETEN476N3M;
				INFOPLIST_FILE = NotesTest/Info.plist;
				LD_RUNPATH_SEARCH_PATHS = (
					"$(inherited)",
					"@executable_path/../Frameworks",
				);
				MACOSX_DEPLOYMENT_TARGET = 10.10;
				PRODUCT_BUNDLE_IDENTIFIER = com.chengfei.notesTest;
				PRODUCT_NAME = "$(TARGET_NAME)";
				PROVISIONING_PROFILE_SPECIFIER = "";
				SWIFT_VERSION = 4.0;
			};
			name = Debug;
		};
		5F79C90921424F7F00CBD51E /* Release */ = {
			isa = XCBuildConfiguration;
			buildSettings = {
				ASSETCATALOG_COMPILER_APPICON_NAME = AppIcon;
				CODE_SIGN_ENTITLEMENTS = NotesTest/NotesTest.entitlements;
				CODE_SIGN_IDENTITY = "Mac Developer";
				CODE_SIGN_STYLE = Automatic;
				COMBINE_HIDPI_IMAGES = YES;
				DEVELOPMENT_TEAM = ETEN476N3M;
				INFOPLIST_FILE = NotesTest/Info.plist;
				LD_RUNPATH_SEARCH_PATHS = (
					"$(inherited)",
					"@executable_path/../Frameworks",
				);
				MACOSX_DEPLOYMENT_TARGET = 10.10;
				PRODUCT_BUNDLE_IDENTIFIER = com.chengfei.notesTest;
				PRODUCT_NAME = "$(TARGET_NAME)";
				PROVISIONING_PROFILE_SPECIFIER = "";
				SWIFT_VERSION = 4.0;
			};
			name = Release;
		};
		5F79C90B21424F7F00CBD51E /* Debug */ = {
			isa = XCBuildConfiguration;
			buildSettings = {
				ALWAYS_EMBED_SWIFT_STANDARD_LIBRARIES = YES;
				BUNDLE_LOADER = "$(TEST_HOST)";
				CODE_SIGN_STYLE = Automatic;
				COMBINE_HIDPI_IMAGES = YES;
				INFOPLIST_FILE = NotesTestTests/Info.plist;
				LD_RUNPATH_SEARCH_PATHS = (
					"$(inherited)",
					"@executable_path/../Frameworks",
					"@loader_path/../Frameworks",
				);
				PRODUCT_BUNDLE_IDENTIFIER = com.chengfei.NotesTestTests;
				PRODUCT_NAME = "$(TARGET_NAME)";
				SWIFT_VERSION = 4.0;
				TEST_HOST = "$(BUILT_PRODUCTS_DIR)/NotesTest.app/Contents/MacOS/NotesTest";
			};
			name = Debug;
		};
		5F79C90C21424F7F00CBD51E /* Release */ = {
			isa = XCBuildConfiguration;
			buildSettings = {
				ALWAYS_EMBED_SWIFT_STANDARD_LIBRARIES = YES;
				BUNDLE_LOADER = "$(TEST_HOST)";
				CODE_SIGN_STYLE = Automatic;
				COMBINE_HIDPI_IMAGES = YES;
				INFOPLIST_FILE = NotesTestTests/Info.plist;
				LD_RUNPATH_SEARCH_PATHS = (
					"$(inherited)",
					"@executable_path/../Frameworks",
					"@loader_path/../Frameworks",
				);
				PRODUCT_BUNDLE_IDENTIFIER = com.chengfei.NotesTestTests;
				PRODUCT_NAME = "$(TARGET_NAME)";
				SWIFT_VERSION = 4.0;
				TEST_HOST = "$(BUILT_PRODUCTS_DIR)/NotesTest.app/Contents/MacOS/NotesTest";
			};
			name = Release;
		};
		5F79C90E21424F7F00CBD51E /* Debug */ = {
			isa = XCBuildConfiguration;
			buildSettings = {
				ALWAYS_EMBED_SWIFT_STANDARD_LIBRARIES = YES;
				CODE_SIGN_STYLE = Automatic;
				COMBINE_HIDPI_IMAGES = YES;
				INFOPLIST_FILE = NotesTestUITests/Info.plist;
				LD_RUNPATH_SEARCH_PATHS = (
					"$(inherited)",
					"@executable_path/../Frameworks",
					"@loader_path/../Frameworks",
				);
				MACOSX_DEPLOYMENT_TARGET = 10.13;
				PRODUCT_BUNDLE_IDENTIFIER = com.chengfei.NotesTestUITests;
				PRODUCT_NAME = "$(TARGET_NAME)";
				SWIFT_VERSION = 4.0;
				TEST_TARGET_NAME = NotesTest;
			};
			name = Debug;
		};
		5F79C90F21424F7F00CBD51E /* Release */ = {
			isa = XCBuildConfiguration;
			buildSettings = {
				ALWAYS_EMBED_SWIFT_STANDARD_LIBRARIES = YES;
				CODE_SIGN_STYLE = Automatic;
				COMBINE_HIDPI_IMAGES = YES;
				INFOPLIST_FILE = NotesTestUITests/Info.plist;
				LD_RUNPATH_SEARCH_PATHS = (
					"$(inherited)",
					"@executable_path/../Frameworks",
					"@loader_path/../Frameworks",
				);
				MACOSX_DEPLOYMENT_TARGET = 10.13;
				PRODUCT_BUNDLE_IDENTIFIER = com.chengfei.NotesTestUITests;
				PRODUCT_NAME = "$(TARGET_NAME)";
				SWIFT_VERSION = 4.0;
				TEST_TARGET_NAME = NotesTest;
			};
			name = Release;
		};
/* End XCBuildConfiguration section */

/* Begin XCConfigurationList section */
		5F79C8D921424F7D00CBD51E /* Build configuration list for PBXProject "NotesTest" */ = {
			isa = XCConfigurationList;
			buildConfigurations = (
				5F79C90521424F7F00CBD51E /* Debug */,
				5F79C90621424F7F00CBD51E /* Release */,
			);
			defaultConfigurationIsVisible = 0;
			defaultConfigurationName = Release;
		};
		5F79C90721424F7F00CBD51E /* Build configuration list for PBXNativeTarget "NotesTest" */ = {
			isa = XCConfigurationList;
			buildConfigurations = (
				5F79C90821424F7F00CBD51E /* Debug */,
				5F79C90921424F7F00CBD51E /* Release */,
			);
			defaultConfigurationIsVisible = 0;
			defaultConfigurationName = Release;
		};
		5F79C90A21424F7F00CBD51E /* Build configuration list for PBXNativeTarget "NotesTestTests" */ = {
			isa = XCConfigurationList;
			buildConfigurations = (
				5F79C90B21424F7F00CBD51E /* Debug */,
				5F79C90C21424F7F00CBD51E /* Release */,
			);
			defaultConfigurationIsVisible = 0;
			defaultConfigurationName = Release;
		};
		5F79C90D21424F7F00CBD51E /* Build configuration list for PBXNativeTarget "NotesTestUITests" */ = {
			isa = XCConfigurationList;
			buildConfigurations = (
				5F79C90E21424F7F00CBD51E /* Debug */,
				5F79C90F21424F7F00CBD51E /* Release */,
			);
			defaultConfigurationIsVisible = 0;
			defaultConfigurationName = Release;
		};
/* End XCConfigurationList section */
	};
	rootObject = 5F79C8D621424F7D00CBD51E /* Project object */;
}
